{
  "name": "presto-demo-1",
  "version": "1.0.0",
  "lockfileVersion": 2,
  "requires": true,
  "packages": {
    "": {
      "name": "presto-demo-1",
      "version": "1.0.0",
      "license": "ISC",
      "dependencies": {
        "@castlabs/prestoplay": "^6.11.1-beta.4"
      }
    },
    "node_modules/@castlabs/prestoplay": {
      "version": "6.11.1-beta.4",
      "resolved": "https://registry.npmjs.org/@castlabs/prestoplay/-/prestoplay-6.11.1-beta.4.tgz",
      "integrity": "sha512-DZNYiMloVeEJ6oR9Xyk/Y8mww6FR/HPFhCAn3WLzmYlfn3/REDfgNzeg3SqkSYgo1jOCvKqHrZBHjdb32o1Omw==",
      "peerDependencies": {
        "@broadpeak/smartlib": "4.5.1-328cb1e",
        "@broadpeak/smartlib-all-compatibility": "4.5.1-328cb1e",
        "@broadpeak/smartlib-analytics": "4.5.1-328cb1e",
        "mux.js": "^5.14.1",
        "youboralib": "6.8.49"
      },
      "peerDependenciesMeta": {
        "@broadpeak/smartlib": {
          "optional": true
        },
        "@broadpeak/smartlib-all-compatibility": {
          "optional": true
        },
        "@broadpeak/smartlib-analytics": {
          "optional": true
        },
        "mux.js": {
          "optional": true
        },
        "youboralib": {
          "optional": true
        }
      }
    }
  },
  "dependencies": {
    "@castlabs/prestoplay": {
      "version": "6.11.1-beta.4",
      "resolved": "https://registry.npmjs.org/@castlabs/prestoplay/-/prestoplay-6.11.1-beta.4.tgz",
      "integrity": "sha512-DZNYiMloVeEJ6oR9Xyk/Y8mww6FR/HPFhCAn3WLzmYlfn3/REDfgNzeg3SqkSYgo1jOCvKqHrZBHjdb32o1Omw==",
      "requires": {}
    }
  }
}
